
Microsoft Visual Studio Solution File, Format Version 12.00
# Visual Studio Version 17
VisualStudioVersion = 17.7.34221.43
MinimumVisualStudioVersion = 10.0.40219.1
Project("{2150E333-8FDC-42A3-9474-1A3956D46DE8}") = "docs", "docs", "{0DE20943-42EF-4445-B54B-543D6C6D8127}"
	ProjectSection(SolutionItems) = preProject
		docs\Readme.docx = docs\Readme.docx
	EndProjectSection
EndProject
Project("{2150E333-8FDC-42A3-9474-1A3956D46DE8}") = "src", "src", "{38AB81F7-0A39-45DA-8CCC-95E3D29000CD}"
EndProject
Project("{2150E333-8FDC-42A3-9474-1A3956D46DE8}") = "Learn 100", "Learn 100", "{6FD84F0E-0A8B-4222-AC20-70D5DA7A971B}"
EndProject
Project("{9A19103F-16F7-4668-BE54-9A1E7A4F7556}") = "Client", "src\Learn_0100\Client\Client.csproj", "{132749F6-80CA-4845-87CD-6370CD68265F}"
EndProject
Project("{2150E333-8FDC-42A3-9474-1A3956D46DE8}") = "Learn 200", "Learn 200", "{AB2282F7-9D6E-4D3D-97AF-451B5A7A6D16}"
EndProject
Project("{9A19103F-16F7-4668-BE54-9A1E7A4F7556}") = "Client", "src\Learn_0200\Client\Client.csproj", "{B25E22F3-1EC5-4B13-AA46-B1B00074472F}"
EndProject
Project("{2150E333-8FDC-42A3-9474-1A3956D46DE8}") = "Learn 300", "Learn 300", "{2802C775-FFE6-4520-AC67-10BB6D15A5E2}"
EndProject
Project("{9A19103F-16F7-4668-BE54-9A1E7A4F7556}") = "Client", "src\Learn_0300\Client\Client.csproj", "{55D59179-9BD8-4799-9AA9-7D96C01B0247}"
EndProject
Project("{2150E333-8FDC-42A3-9474-1A3956D46DE8}") = "Learn 400", "Learn 400", "{26E6C179-79EF-4505-9A87-39466B8C52D0}"
EndProject
Project("{9A19103F-16F7-4668-BE54-9A1E7A4F7556}") = "Client", "src\Learn_0400\Client\Client.csproj", "{C77DC0D2-7F1B-4433-AA87-610F1C22367E}"
EndProject
Project("{2150E333-8FDC-42A3-9474-1A3956D46DE8}") = "Learn 500", "Learn 500", "{F9617E1D-6A82-4492-A7F8-1D93BB1E636F}"
EndProject
Project("{9A19103F-16F7-4668-BE54-9A1E7A4F7556}") = "Client", "src\Learn_0500\Client\Client.csproj", "{F09501A3-6FFF-49BC-B03C-3CF20E61439D}"
EndProject
Global
	GlobalSection(SolutionConfigurationPlatforms) = preSolution
		Debug|Any CPU = Debug|Any CPU
		Release|Any CPU = Release|Any CPU
	EndGlobalSection
	GlobalSection(ProjectConfigurationPlatforms) = postSolution
		{132749F6-80CA-4845-87CD-6370CD68265F}.Debug|Any CPU.ActiveCfg = Debug|Any CPU
		{132749F6-80CA-4845-87CD-6370CD68265F}.Debug|Any CPU.Build.0 = Debug|Any CPU
		{132749F6-80CA-4845-87CD-6370CD68265F}.Release|Any CPU.ActiveCfg = Release|Any CPU
		{132749F6-80CA-4845-87CD-6370CD68265F}.Release|Any CPU.Build.0 = Release|Any CPU
		{B25E22F3-1EC5-4B13-AA46-B1B00074472F}.Debug|Any CPU.ActiveCfg = Debug|Any CPU
		{B25E22F3-1EC5-4B13-AA46-B1B00074472F}.Debug|Any CPU.Build.0 = Debug|Any CPU
		{B25E22F3-1EC5-4B13-AA46-B1B00074472F}.Release|Any CPU.ActiveCfg = Release|Any CPU
		{B25E22F3-1EC5-4B13-AA46-B1B00074472F}.Release|Any CPU.Build.0 = Release|Any CPU
		{55D59179-9BD8-4799-9AA9-7D96C01B0247}.Debug|Any CPU.ActiveCfg = Debug|Any CPU
		{55D59179-9BD8-4799-9AA9-7D96C01B0247}.Debug|Any CPU.Build.0 = Debug|Any CPU
		{55D59179-9BD8-4799-9AA9-7D96C01B0247}.Release|Any CPU.ActiveCfg = Release|Any CPU
		{55D59179-9BD8-4799-9AA9-7D96C01B0247}.Release|Any CPU.Build.0 = Release|Any CPU
		{C77DC0D2-7F1B-4433-AA87-610F1C22367E}.Debug|Any CPU.ActiveCfg = Debug|Any CPU
		{C77DC0D2-7F1B-4433-AA87-610F1C22367E}.Debug|Any CPU.Build.0 = Debug|Any CPU
		{C77DC0D2-7F1B-4433-AA87-610F1C22367E}.Release|Any CPU.ActiveCfg = Release|Any CPU
		{C77DC0D2-7F1B-4433-AA87-610F1C22367E}.Release|Any CPU.Build.0 = Release|Any CPU
		{F09501A3-6FFF-49BC-B03C-3CF20E61439D}.Debug|Any CPU.ActiveCfg = Debug|Any CPU
		{F09501A3-6FFF-49BC-B03C-3CF20E61439D}.Debug|Any CPU.Build.0 = Debug|Any CPU
		{F09501A3-6FFF-49BC-B03C-3CF20E61439D}.Release|Any CPU.ActiveCfg = Release|Any CPU
		{F09501A3-6FFF-49BC-B03C-3CF20E61439D}.Release|Any CPU.Build.0 = Release|Any CPU
	EndGlobalSection
	GlobalSection(SolutionProperties) = preSolution
		HideSolutionNode = FALSE
	EndGlobalSection
	GlobalSection(NestedProjects) = preSolution
		{6FD84F0E-0A8B-4222-AC20-70D5DA7A971B} = {38AB81F7-0A39-45DA-8CCC-95E3D29000CD}
		{132749F6-80CA-4845-87CD-6370CD68265F} = {6FD84F0E-0A8B-4222-AC20-70D5DA7A971B}
		{AB2282F7-9D6E-4D3D-97AF-451B5A7A6D16} = {38AB81F7-0A39-45DA-8CCC-95E3D29000CD}
		{B25E22F3-1EC5-4B13-AA46-B1B00074472F} = {AB2282F7-9D6E-4D3D-97AF-451B5A7A6D16}
		{2802C775-FFE6-4520-AC67-10BB6D15A5E2} = {38AB81F7-0A39-45DA-8CCC-95E3D29000CD}
		{55D59179-9BD8-4799-9AA9-7D96C01B0247} = {2802C775-FFE6-4520-AC67-10BB6D15A5E2}
		{26E6C179-79EF-4505-9A87-39466B8C52D0} = {38AB81F7-0A39-45DA-8CCC-95E3D29000CD}
		{C77DC0D2-7F1B-4433-AA87-610F1C22367E} = {26E6C179-79EF-4505-9A87-39466B8C52D0}
		{F9617E1D-6A82-4492-A7F8-1D93BB1E636F} = {38AB81F7-0A39-45DA-8CCC-95E3D29000CD}
		{F09501A3-6FFF-49BC-B03C-3CF20E61439D} = {F9617E1D-6A82-4492-A7F8-1D93BB1E636F}
	EndGlobalSection
	GlobalSection(ExtensibilityGlobals) = postSolution
		SolutionGuid = {3C5823EE-5E09-4A15-BD58-76D81F0F6A5C}
	EndGlobalSection
EndGlobal
